
Microsoft Visual Studio Solution File, Format Version 12.00
# Visual Studio Version 16
VisualStudioVersion = 16.0.29911.84
MinimumVisualStudioVersion = 10.0.40219.1
Project("{FAE04EC0-301F-11D3-BF4B-00C04F79EFBC}") = "Ex2", "Ex2\Ex2.csproj", "{15A4AF7C-3D09-41C9-8DD6-A85427C82468}"
EndProject
Project("{FAE04EC0-301F-11D3-BF4B-00C04F79EFBC}") = "Ex3", "Ex3\Ex3.csproj", "{27ABA7BD-6121-4614-805E-C05286503EBC}"
EndProject
Project("{FAE04EC0-301F-11D3-BF4B-00C04F79EFBC}") = "Ex4", "Ex4\Ex4.csproj", "{87FFB361-160D-423A-AC4D-EB163D010F9B}"
EndProject
Project("{FAE04EC0-301F-11D3-BF4B-00C04F79EFBC}") = "Ex5", "Ex5\Ex5.csproj", "{D865E85D-DAC6-4990-BCDE-8E574D4E4673}"
EndProject
Project("{FAE04EC0-301F-11D3-BF4B-00C04F79EFBC}") = "Ex6", "Ex6\Ex6.csproj", "{FDF873EF-E351-4A60-8F57-61CB7F5E1B9C}"
EndProject
Project("{FAE04EC0-301F-11D3-BF4B-00C04F79EFBC}") = "Ex7", "Ex7\Ex7.csproj", "{D0404B68-6CEE-4FA7-8ABD-923832530B05}"
EndProject
Project("{FAE04EC0-301F-11D3-BF4B-00C04F79EFBC}") = "Ex8", "Ex8\Ex8.csproj", "{6974BC25-5B07-4AC0-AD1B-471C14E51C6E}"
EndProject
Project("{FAE04EC0-301F-11D3-BF4B-00C04F79EFBC}") = "Ex9", "Ex9\Ex9.csproj", "{C57AC784-7210-4B33-AB7B-9DD02353AE25}"
EndProject
Project("{FAE04EC0-301F-11D3-BF4B-00C04F79EFBC}") = "Ex91", "Ex91\Ex91.csproj", "{814A0144-CDCA-4225-93DC-F2160D32BF0D}"
EndProject
Project("{FAE04EC0-301F-11D3-BF4B-00C04F79EFBC}") = "Ex93", "Ex93\Ex93.csproj", "{F5B2DF72-F066-4AE1-9E62-D1AB6511F0E7}"
EndProject
Project("{FAE04EC0-301F-11D3-BF4B-00C04F79EFBC}") = "Ex92", "Ex92\Ex92.csproj", "{F59231C5-C61B-4771-A3BF-D121B0DD3298}"
EndProject
Project("{FAE04EC0-301F-11D3-BF4B-00C04F79EFBC}") = "Ex94", "Ex94\Ex94.csproj", "{4B631A3B-AC33-49E7-BCA7-126EAAD80EDF}"
EndProject
Project("{FAE04EC0-301F-11D3-BF4B-00C04F79EFBC}") = "Ex95", "Ex95\Ex95.csproj", "{E0B0EC4E-E206-48E6-974F-3E82DA5B724E}"
EndProject
Project("{FAE04EC0-301F-11D3-BF4B-00C04F79EFBC}") = "Ex96", "Ex96\Ex96.csproj", "{C8ACA8A3-F122-43DF-A47F-112111C74435}"
EndProject
Project("{FAE04EC0-301F-11D3-BF4B-00C04F79EFBC}") = "Ex97", "Ex97\Ex97.csproj", "{03B7F599-54FF-4C7F-BE0F-38BE9E8D440E}"
EndProject
Project("{FAE04EC0-301F-11D3-BF4B-00C04F79EFBC}") = "Ex98", "Ex98\Ex98.csproj", "{E4BC6C9D-B022-4B48-AC1E-3775C1518B58}"
EndProject
Project("{FAE04EC0-301F-11D3-BF4B-00C04F79EFBC}") = "Ex99", "Ex99\Ex99.csproj", "{69EEC85C-E80B-46B0-8F77-D8A075759C16}"
EndProject
Project("{FAE04EC0-301F-11D3-BF4B-00C04F79EFBC}") = "Ex991", "Ex991\Ex991.csproj", "{880B4B8C-9DD1-4050-8DCC-1E1C36F4690C}"
EndProject
Project("{FAE04EC0-301F-11D3-BF4B-00C04F79EFBC}") = "Ex992", "Ex992\Ex992.csproj", "{50546EF7-9D29-407C-8318-60EAA167C075}"
EndProject
Project("{FAE04EC0-301F-11D3-BF4B-00C04F79EFBC}") = "Ex993", "Ex993\Ex993.csproj", "{0F2D92C7-AF4F-497B-BEEB-D133C70BDA84}"
EndProject
Project("{FAE04EC0-301F-11D3-BF4B-00C04F79EFBC}") = "Ex994", "Ex994\Ex994.csproj", "{49322AE6-ED51-4D45-9A07-A02B321252A4}"
EndProject
Project("{FAE04EC0-301F-11D3-BF4B-00C04F79EFBC}") = "staticEx", "static\staticEx.csproj", "{12574094-FBD6-4E3F-8A06-F0929D2E62BE}"
EndProject
Project("{9A19103F-16F7-4668-BE54-9A1E7A4F7556}") = "Ex911", "Ex911\Ex911.csproj", "{A8892366-E959-45C6-8E24-EEED677019AF}"
EndProject
Project("{9A19103F-16F7-4668-BE54-9A1E7A4F7556}") = "Ex912", "E912\Ex912.csproj", "{64D7F375-E991-444C-96F7-67EE0FA35EC9}"
EndProject
Project("{9A19103F-16F7-4668-BE54-9A1E7A4F7556}") = "Ex913", "Ex913\Ex913.csproj", "{6A74EFB7-ACC1-46F8-ACD7-E9CFF0F3477F}"
EndProject
Project("{9A19103F-16F7-4668-BE54-9A1E7A4F7556}") = "Ex914", "Ex914\Ex914.csproj", "{B0006CF4-C3E4-4A19-B6A6-E3035A1DA03D}"
EndProject
Project("{9A19103F-16F7-4668-BE54-9A1E7A4F7556}") = "Ex995", "Ex995\Ex995.csproj", "{F8D2846D-3C12-4248-86F3-7E9AC280B813}"
EndProject
Project("{FAE04EC0-301F-11D3-BF4B-00C04F79EFBC}") = "zz", "zz\zz.csproj", "{C279EF93-E308-4FB6-827C-7233D4A549CE}"
EndProject
Global
	GlobalSection(SolutionConfigurationPlatforms) = preSolution
		Debug|Any CPU = Debug|Any CPU
		Debug|x86 = Debug|x86
		Release|Any CPU = Release|Any CPU
		Release|x86 = Release|x86
	EndGlobalSection
	GlobalSection(ProjectConfigurationPlatforms) = postSolution
		{15A4AF7C-3D09-41C9-8DD6-A85427C82468}.Debug|Any CPU.ActiveCfg = Debug|x86
		{15A4AF7C-3D09-41C9-8DD6-A85427C82468}.Debug|x86.ActiveCfg = Debug|x86
		{15A4AF7C-3D09-41C9-8DD6-A85427C82468}.Debug|x86.Build.0 = Debug|x86
		{15A4AF7C-3D09-41C9-8DD6-A85427C82468}.Release|Any CPU.ActiveCfg = Release|x86
		{15A4AF7C-3D09-41C9-8DD6-A85427C82468}.Release|x86.ActiveCfg = Release|x86
		{15A4AF7C-3D09-41C9-8DD6-A85427C82468}.Release|x86.Build.0 = Release|x86
		{27ABA7BD-6121-4614-805E-C05286503EBC}.Debug|Any CPU.ActiveCfg = Debug|x86
		{27ABA7BD-6121-4614-805E-C05286503EBC}.Debug|x86.ActiveCfg = Debug|x86
		{27ABA7BD-6121-4614-805E-C05286503EBC}.Debug|x86.Build.0 = Debug|x86
		{27ABA7BD-6121-4614-805E-C05286503EBC}.Release|Any CPU.ActiveCfg = Release|x86
		{27ABA7BD-6121-4614-805E-C05286503EBC}.Release|x86.ActiveCfg = Release|x86
		{27ABA7BD-6121-4614-805E-C05286503EBC}.Release|x86.Build.0 = Release|x86
		{87FFB361-160D-423A-AC4D-EB163D010F9B}.Debug|Any CPU.ActiveCfg = Debug|x86
		{87FFB361-160D-423A-AC4D-EB163D010F9B}.Debug|x86.ActiveCfg = Debug|x86
		{87FFB361-160D-423A-AC4D-EB163D010F9B}.Debug|x86.Build.0 = Debug|x86
		{87FFB361-160D-423A-AC4D-EB163D010F9B}.Release|Any CPU.ActiveCfg = Release|x86
		{87FFB361-160D-423A-AC4D-EB163D010F9B}.Release|x86.ActiveCfg = Release|x86
		{87FFB361-160D-423A-AC4D-EB163D010F9B}.Release|x86.Build.0 = Release|x86
		{D865E85D-DAC6-4990-BCDE-8E574D4E4673}.Debug|Any CPU.ActiveCfg = Debug|x86
		{D865E85D-DAC6-4990-BCDE-8E574D4E4673}.Debug|x86.ActiveCfg = Debug|x86
		{D865E85D-DAC6-4990-BCDE-8E574D4E4673}.Debug|x86.Build.0 = Debug|x86
		{D865E85D-DAC6-4990-BCDE-8E574D4E4673}.Release|Any CPU.ActiveCfg = Release|x86
		{D865E85D-DAC6-4990-BCDE-8E574D4E4673}.Release|x86.ActiveCfg = Release|x86
		{D865E85D-DAC6-4990-BCDE-8E574D4E4673}.Release|x86.Build.0 = Release|x86
		{FDF873EF-E351-4A60-8F57-61CB7F5E1B9C}.Debug|Any CPU.ActiveCfg = Debug|x86
		{FDF873EF-E351-4A60-8F57-61CB7F5E1B9C}.Debug|x86.ActiveCfg = Debug|x86
		{FDF873EF-E351-4A60-8F57-61CB7F5E1B9C}.Debug|x86.Build.0 = Debug|x86
		{FDF873EF-E351-4A60-8F57-61CB7F5E1B9C}.Release|Any CPU.ActiveCfg = Release|x86
		{FDF873EF-E351-4A60-8F57-61CB7F5E1B9C}.Release|x86.ActiveCfg = Release|x86
		{FDF873EF-E351-4A60-8F57-61CB7F5E1B9C}.Release|x86.Build.0 = Release|x86
		{D0404B68-6CEE-4FA7-8ABD-923832530B05}.Debug|Any CPU.ActiveCfg = Debug|x86
		{D0404B68-6CEE-4FA7-8ABD-923832530B05}.Debug|x86.ActiveCfg = Debug|x86
		{D0404B68-6CEE-4FA7-8ABD-923832530B05}.Debug|x86.Build.0 = Debug|x86
		{D0404B68-6CEE-4FA7-8ABD-923832530B05}.Release|Any CPU.ActiveCfg = Release|x86
		{D0404B68-6CEE-4FA7-8ABD-923832530B05}.Release|x86.ActiveCfg = Release|x86
		{D0404B68-6CEE-4FA7-8ABD-923832530B05}.Release|x86.Build.0 = Release|x86
		{6974BC25-5B07-4AC0-AD1B-471C14E51C6E}.Debug|Any CPU.ActiveCfg = Debug|x86
		{6974BC25-5B07-4AC0-AD1B-471C14E51C6E}.Debug|x86.ActiveCfg = Debug|x86
		{6974BC25-5B07-4AC0-AD1B-471C14E51C6E}.Debug|x86.Build.0 = Debug|x86
		{6974BC25-5B07-4AC0-AD1B-471C14E51C6E}.Release|Any CPU.ActiveCfg = Release|x86
		{6974BC25-5B07-4AC0-AD1B-471C14E51C6E}.Release|x86.ActiveCfg = Release|x86
		{6974BC25-5B07-4AC0-AD1B-471C14E51C6E}.Release|x86.Build.0 = Release|x86
		{C57AC784-7210-4B33-AB7B-9DD02353AE25}.Debug|Any CPU.ActiveCfg = Debug|x86
		{C57AC784-7210-4B33-AB7B-9DD02353AE25}.Debug|x86.ActiveCfg = Debug|x86
		{C57AC784-7210-4B33-AB7B-9DD02353AE25}.Debug|x86.Build.0 = Debug|x86
		{C57AC784-7210-4B33-AB7B-9DD02353AE25}.Release|Any CPU.ActiveCfg = Release|x86
		{C57AC784-7210-4B33-AB7B-9DD02353AE25}.Release|x86.ActiveCfg = Release|x86
		{C57AC784-7210-4B33-AB7B-9DD02353AE25}.Release|x86.Build.0 = Release|x86
		{814A0144-CDCA-4225-93DC-F2160D32BF0D}.Debug|Any CPU.ActiveCfg = Debug|x86
		{814A0144-CDCA-4225-93DC-F2160D32BF0D}.Debug|x86.ActiveCfg = Debug|x86
		{814A0144-CDCA-4225-93DC-F2160D32BF0D}.Debug|x86.Build.0 = Debug|x86
		{814A0144-CDCA-4225-93DC-F2160D32BF0D}.Release|Any CPU.ActiveCfg = Release|x86
		{814A0144-CDCA-4225-93DC-F2160D32BF0D}.Release|x86.ActiveCfg = Release|x86
		{814A0144-CDCA-4225-93DC-F2160D32BF0D}.Release|x86.Build.0 = Release|x86
		{F5B2DF72-F066-4AE1-9E62-D1AB6511F0E7}.Debug|Any CPU.ActiveCfg = Debug|x86
		{F5B2DF72-F066-4AE1-9E62-D1AB6511F0E7}.Debug|x86.ActiveCfg = Debug|x86
		{F5B2DF72-F066-4AE1-9E62-D1AB6511F0E7}.Debug|x86.Build.0 = Debug|x86
		{F5B2DF72-F066-4AE1-9E62-D1AB6511F0E7}.Release|Any CPU.ActiveCfg = Release|x86
		{F5B2DF72-F066-4AE1-9E62-D1AB6511F0E7}.Release|x86.ActiveCfg = Release|x86
		{F5B2DF72-F066-4AE1-9E62-D1AB6511F0E7}.Release|x86.Build.0 = Release|x86
		{F59231C5-C61B-4771-A3BF-D121B0DD3298}.Debug|Any CPU.ActiveCfg = Debug|x86
		{F59231C5-C61B-4771-A3BF-D121B0DD3298}.Debug|x86.ActiveCfg = Debug|x86
		{F59231C5-C61B-4771-A3BF-D121B0DD3298}.Debug|x86.Build.0 = Debug|x86
		{F59231C5-C61B-4771-A3BF-D121B0DD3298}.Release|Any CPU.ActiveCfg = Release|x86
		{F59231C5-C61B-4771-A3BF-D121B0DD3298}.Release|x86.ActiveCfg = Release|x86
		{F59231C5-C61B-4771-A3BF-D121B0DD3298}.Release|x86.Build.0 = Release|x86
		{4B631A3B-AC33-49E7-BCA7-126EAAD80EDF}.Debug|Any CPU.ActiveCfg = Debug|x86
		{4B631A3B-AC33-49E7-BCA7-126EAAD80EDF}.Debug|x86.ActiveCfg = Debug|x86
		{4B631A3B-AC33-49E7-BCA7-126EAAD80EDF}.Debug|x86.Build.0 = Debug|x86
		{4B631A3B-AC33-49E7-BCA7-126EAAD80EDF}.Release|Any CPU.ActiveCfg = Release|x86
		{4B631A3B-AC33-49E7-BCA7-126EAAD80EDF}.Release|x86.ActiveCfg = Release|x86
		{4B631A3B-AC33-49E7-BCA7-126EAAD80EDF}.Release|x86.Build.0 = Release|x86
		{E0B0EC4E-E206-48E6-974F-3E82DA5B724E}.Debug|Any CPU.ActiveCfg = Debug|x86
		{E0B0EC4E-E206-48E6-974F-3E82DA5B724E}.Debug|x86.ActiveCfg = Debug|x86
		{E0B0EC4E-E206-48E6-974F-3E82DA5B724E}.Debug|x86.Build.0 = Debug|x86
		{E0B0EC4E-E206-48E6-974F-3E82DA5B724E}.Release|Any CPU.ActiveCfg = Release|x86
		{E0B0EC4E-E206-48E6-974F-3E82DA5B724E}.Release|x86.ActiveCfg = Release|x86
		{E0B0EC4E-E206-48E6-974F-3E82DA5B724E}.Release|x86.Build.0 = Release|x86
		{C8ACA8A3-F122-43DF-A47F-112111C74435}.Debug|Any CPU.ActiveCfg = Debug|x86
		{C8ACA8A3-F122-43DF-A47F-112111C74435}.Debug|x86.ActiveCfg = Debug|x86
		{C8ACA8A3-F122-43DF-A47F-112111C74435}.Debug|x86.Build.0 = Debug|x86
		{C8ACA8A3-F122-43DF-A47F-112111C74435}.Release|Any CPU.ActiveCfg = Release|x86
		{C8ACA8A3-F122-43DF-A47F-112111C74435}.Release|x86.ActiveCfg = Release|x86
		{C8ACA8A3-F122-43DF-A47F-112111C74435}.Release|x86.Build.0 = Release|x86
		{03B7F599-54FF-4C7F-BE0F-38BE9E8D440E}.Debug|Any CPU.ActiveCfg = Debug|x86
		{03B7F599-54FF-4C7F-BE0F-38BE9E8D440E}.Debug|x86.ActiveCfg = Debug|x86
		{03B7F599-54FF-4C7F-BE0F-38BE9E8D440E}.Debug|x86.Build.0 = Debug|x86
		{03B7F599-54FF-4C7F-BE0F-38BE9E8D440E}.Release|Any CPU.ActiveCfg = Release|x86
		{03B7F599-54FF-4C7F-BE0F-38BE9E8D440E}.Release|x86.ActiveCfg = Release|x86
		{03B7F599-54FF-4C7F-BE0F-38BE9E8D440E}.Release|x86.Build.0 = Release|x86
		{E4BC6C9D-B022-4B48-AC1E-3775C1518B58}.Debug|Any CPU.ActiveCfg = Debug|x86
		{E4BC6C9D-B022-4B48-AC1E-3775C1518B58}.Debug|x86.ActiveCfg = Debug|x86
		{E4BC6C9D-B022-4B48-AC1E-3775C1518B58}.Debug|x86.Build.0 = Debug|x86
		{E4BC6C9D-B022-4B48-AC1E-3775C1518B58}.Release|Any CPU.ActiveCfg = Release|x86
		{E4BC6C9D-B022-4B48-AC1E-3775C1518B58}.Release|x86.ActiveCfg = Release|x86
		{E4BC6C9D-B022-4B48-AC1E-3775C1518B58}.Release|x86.Build.0 = Release|x86
		{69EEC85C-E80B-46B0-8F77-D8A075759C16}.Debug|Any CPU.ActiveCfg = Debug|x86
		{69EEC85C-E80B-46B0-8F77-D8A075759C16}.Debug|x86.ActiveCfg = Debug|x86
		{69EEC85C-E80B-46B0-8F77-D8A075759C16}.Debug|x86.Build.0 = Debug|x86
		{69EEC85C-E80B-46B0-8F77-D8A075759C16}.Release|Any CPU.ActiveCfg = Release|x86
		{69EEC85C-E80B-46B0-8F77-D8A075759C16}.Release|x86.ActiveCfg = Release|x86
		{69EEC85C-E80B-46B0-8F77-D8A075759C16}.Release|x86.Build.0 = Release|x86
		{880B4B8C-9DD1-4050-8DCC-1E1C36F4690C}.Debug|Any CPU.ActiveCfg = Debug|x86
		{880B4B8C-9DD1-4050-8DCC-1E1C36F4690C}.Debug|x86.ActiveCfg = Debug|x86
		{880B4B8C-9DD1-4050-8DCC-1E1C36F4690C}.Debug|x86.Build.0 = Debug|x86
		{880B4B8C-9DD1-4050-8DCC-1E1C36F4690C}.Release|Any CPU.ActiveCfg = Release|x86
		{880B4B8C-9DD1-4050-8DCC-1E1C36F4690C}.Release|x86.ActiveCfg = Release|x86
		{880B4B8C-9DD1-4050-8DCC-1E1C36F4690C}.Release|x86.Build.0 = Release|x86
		{50546EF7-9D29-407C-8318-60EAA167C075}.Debug|Any CPU.ActiveCfg = Debug|x86
		{50546EF7-9D29-407C-8318-60EAA167C075}.Debug|x86.ActiveCfg = Debug|x86
		{50546EF7-9D29-407C-8318-60EAA167C075}.Debug|x86.Build.0 = Debug|x86
		{50546EF7-9D29-407C-8318-60EAA167C075}.Release|Any CPU.ActiveCfg = Release|x86
		{50546EF7-9D29-407C-8318-60EAA167C075}.Release|x86.ActiveCfg = Release|x86
		{50546EF7-9D29-407C-8318-60EAA167C075}.Release|x86.Build.0 = Release|x86
		{0F2D92C7-AF4F-497B-BEEB-D133C70BDA84}.Debug|Any CPU.ActiveCfg = Debug|x86
		{0F2D92C7-AF4F-497B-BEEB-D133C70BDA84}.Debug|x86.ActiveCfg = Debug|x86
		{0F2D92C7-AF4F-497B-BEEB-D133C70BDA84}.Debug|x86.Build.0 = Debug|x86
		{0F2D92C7-AF4F-497B-BEEB-D133C70BDA84}.Release|Any CPU.ActiveCfg = Release|x86
		{0F2D92C7-AF4F-497B-BEEB-D133C70BDA84}.Release|x86.ActiveCfg = Release|x86
		{0F2D92C7-AF4F-497B-BEEB-D133C70BDA84}.Release|x86.Build.0 = Release|x86
		{49322AE6-ED51-4D45-9A07-A02B321252A4}.Debug|Any CPU.ActiveCfg = Debug|x86
		{49322AE6-ED51-4D45-9A07-A02B321252A4}.Debug|x86.ActiveCfg = Debug|x86
		{49322AE6-ED51-4D45-9A07-A02B321252A4}.Debug|x86.Build.0 = Debug|x86
		{49322AE6-ED51-4D45-9A07-A02B321252A4}.Release|Any CPU.ActiveCfg = Release|x86
		{49322AE6-ED51-4D45-9A07-A02B321252A4}.Release|x86.ActiveCfg = Release|x86
		{49322AE6-ED51-4D45-9A07-A02B321252A4}.Release|x86.Build.0 = Release|x86
		{12574094-FBD6-4E3F-8A06-F0929D2E62BE}.Debug|Any CPU.ActiveCfg = Debug|x86
		{12574094-FBD6-4E3F-8A06-F0929D2E62BE}.Debug|x86.ActiveCfg = Debug|x86
		{12574094-FBD6-4E3F-8A06-F0929D2E62BE}.Debug|x86.Build.0 = Debug|x86
		{12574094-FBD6-4E3F-8A06-F0929D2E62BE}.Release|Any CPU.ActiveCfg = Release|x86
		{12574094-FBD6-4E3F-8A06-F0929D2E62BE}.Release|x86.ActiveCfg = Release|x86
		{12574094-FBD6-4E3F-8A06-F0929D2E62BE}.Release|x86.Build.0 = Release|x86
		{A8892366-E959-45C6-8E24-EEED677019AF}.Debug|Any CPU.ActiveCfg = Debug|Any CPU
		{A8892366-E959-45C6-8E24-EEED677019AF}.Debug|Any CPU.Build.0 = Debug|Any CPU
		{A8892366-E959-45C6-8E24-EEED677019AF}.Debug|x86.ActiveCfg = Debug|Any CPU
		{A8892366-E959-45C6-8E24-EEED677019AF}.Debug|x86.Build.0 = Debug|Any CPU
		{A8892366-E959-45C6-8E24-EEED677019AF}.Release|Any CPU.ActiveCfg = Release|Any CPU
		{A8892366-E959-45C6-8E24-EEED677019AF}.Release|Any CPU.Build.0 = Release|Any CPU
		{A8892366-E959-45C6-8E24-EEED677019AF}.Release|x86.ActiveCfg = Release|Any CPU
		{A8892366-E959-45C6-8E24-EEED677019AF}.Release|x86.Build.0 = Release|Any CPU
		{64D7F375-E991-444C-96F7-67EE0FA35EC9}.Debug|Any CPU.ActiveCfg = Debug|Any CPU
		{64D7F375-E991-444C-96F7-67EE0FA35EC9}.Debug|Any CPU.Build.0 = Debug|Any CPU
		{64D7F375-E991-444C-96F7-67EE0FA35EC9}.Debug|x86.ActiveCfg = Debug|Any CPU
		{64D7F375-E991-444C-96F7-67EE0FA35EC9}.Debug|x86.Build.0 = Debug|Any CPU
		{64D7F375-E991-444C-96F7-67EE0FA35EC9}.Release|Any CPU.ActiveCfg = Release|Any CPU
		{64D7F375-E991-444C-96F7-67EE0FA35EC9}.Release|Any CPU.Build.0 = Release|Any CPU
		{64D7F375-E991-444C-96F7-67EE0FA35EC9}.Release|x86.ActiveCfg = Release|Any CPU
		{64D7F375-E991-444C-96F7-67EE0FA35EC9}.Release|x86.Build.0 = Release|Any CPU
		{6A74EFB7-ACC1-46F8-ACD7-E9CFF0F3477F}.Debug|Any CPU.ActiveCfg = Debug|Any CPU
		{6A74EFB7-ACC1-46F8-ACD7-E9CFF0F3477F}.Debug|Any CPU.Build.0 = Debug|Any CPU
		{6A74EFB7-ACC1-46F8-ACD7-E9CFF0F3477F}.Debug|x86.ActiveCfg = Debug|Any CPU
		{6A74EFB7-ACC1-46F8-ACD7-E9CFF0F3477F}.Debug|x86.Build.0 = Debug|Any CPU
		{6A74EFB7-ACC1-46F8-ACD7-E9CFF0F3477F}.Release|Any CPU.ActiveCfg = Release|Any CPU
		{6A74EFB7-ACC1-46F8-ACD7-E9CFF0F3477F}.Release|Any CPU.Build.0 = Release|Any CPU
		{6A74EFB7-ACC1-46F8-ACD7-E9CFF0F3477F}.Release|x86.ActiveCfg = Release|Any CPU
		{6A74EFB7-ACC1-46F8-ACD7-E9CFF0F3477F}.Release|x86.Build.0 = Release|Any CPU
		{B0006CF4-C3E4-4A19-B6A6-E3035A1DA03D}.Debug|Any CPU.ActiveCfg = Debug|Any CPU
		{B0006CF4-C3E4-4A19-B6A6-E3035A1DA03D}.Debug|Any CPU.Build.0 = Debug|Any CPU
		{B0006CF4-C3E4-4A19-B6A6-E3035A1DA03D}.Debug|x86.ActiveCfg = Debug|Any CPU
		{B0006CF4-C3E4-4A19-B6A6-E3035A1DA03D}.Debug|x86.Build.0 = Debug|Any CPU
		{B0006CF4-C3E4-4A19-B6A6-E3035A1DA03D}.Release|Any CPU.ActiveCfg = Release|Any CPU
		{B0006CF4-C3E4-4A19-B6A6-E3035A1DA03D}.Release|Any CPU.Build.0 = Release|Any CPU
		{B0006CF4-C3E4-4A19-B6A6-E3035A1DA03D}.Release|x86.ActiveCfg = Release|Any CPU
		{B0006CF4-C3E4-4A19-B6A6-E3035A1DA03D}.Release|x86.Build.0 = Release|Any CPU
		{F8D2846D-3C12-4248-86F3-7E9AC280B813}.Debug|Any CPU.ActiveCfg = Debug|Any CPU
		{F8D2846D-3C12-4248-86F3-7E9AC280B813}.Debug|Any CPU.Build.0 = Debug|Any CPU
		{F8D2846D-3C12-4248-86F3-7E9AC280B813}.Debug|x86.ActiveCfg = Debug|Any CPU
		{F8D2846D-3C12-4248-86F3-7E9AC280B813}.Debug|x86.Build.0 = Debug|Any CPU
		{F8D2846D-3C12-4248-86F3-7E9AC280B813}.Release|Any CPU.ActiveCfg = Release|Any CPU
		{F8D2846D-3C12-4248-86F3-7E9AC280B813}.Release|Any CPU.Build.0 = Release|Any CPU
		{F8D2846D-3C12-4248-86F3-7E9AC280B813}.Release|x86.ActiveCfg = Release|Any CPU
		{F8D2846D-3C12-4248-86F3-7E9AC280B813}.Release|x86.Build.0 = Release|Any CPU
		{C279EF93-E308-4FB6-827C-7233D4A549CE}.Debug|Any CPU.ActiveCfg = Debug|Any CPU
		{C279EF93-E308-4FB6-827C-7233D4A549CE}.Debug|Any CPU.Build.0 = Debug|Any CPU
		{C279EF93-E308-4FB6-827C-7233D4A549CE}.Debug|x86.ActiveCfg = Debug|Any CPU
		{C279EF93-E308-4FB6-827C-7233D4A549CE}.Debug|x86.Build.0 = Debug|Any CPU
		{C279EF93-E308-4FB6-827C-7233D4A549CE}.Release|Any CPU.ActiveCfg = Release|Any CPU
		{C279EF93-E308-4FB6-827C-7233D4A549CE}.Release|Any CPU.Build.0 = Release|Any CPU
		{C279EF93-E308-4FB6-827C-7233D4A549CE}.Release|x86.ActiveCfg = Release|Any CPU
		{C279EF93-E308-4FB6-827C-7233D4A549CE}.Release|x86.Build.0 = Release|Any CPU
	EndGlobalSection
	GlobalSection(SolutionProperties) = preSolution
		HideSolutionNode = FALSE
	EndGlobalSection
	GlobalSection(ExtensibilityGlobals) = postSolution
		SolutionGuid = {925896B0-4778-44EC-BB16-3BAE0DC68DD5}
	EndGlobalSection
EndGlobal
